
Microsoft Visual Studio Solution File, Format Version 12.00
# Visual Studio Version 16
VisualStudioVersion = 16.0.29424.173
MinimumVisualStudioVersion = 10.0.40219.1
Project("{FAE04EC0-301F-11D3-BF4B-00C04F79EFBC}") = "Tombokcsharp", "Tombokcsharp.csproj", "{C0205BE4-E340-458A-A36B-D3E5FD208859}"
EndProject
Global
	GlobalSection(SolutionConfigurationPlatforms) = preSolution
		Debug|Any CPU = Debug|Any CPU
		Release|Any CPU = Release|Any CPU
	EndGlobalSection
	GlobalSection(ProjectConfigurationPlatforms) = postSolution
		{C0205BE4-E340-458A-A36B-D3E5FD208859}.Debug|Any CPU.ActiveCfg = Debug|Any CPU
		{C0205BE4-E340-458A-A36B-D3E5FD208859}.Debug|Any CPU.Build.0 = Debug|Any CPU
		{C0205BE4-E340-458A-A36B-D3E5FD208859}.Release|Any CPU.ActiveCfg = Release|Any CPU
		{C0205BE4-E340-458A-A36B-D3E5FD208859}.Release|Any CPU.Build.0 = Release|Any CPU
	EndGlobalSection
	GlobalSection(SolutionProperties) = preSolution
		HideSolutionNode = FALSE
	EndGlobalSection
	GlobalSection(ExtensibilityGlobals) = postSolution
		SolutionGuid = {41B56854-00D1-43F4-B946-10B1386187F0}
	EndGlobalSection
EndGlobal
