
Microsoft Visual Studio Solution File, Format Version 12.00
# Visual Studio Version 16
VisualStudioVersion = 16.0.29424.173
MinimumVisualStudioVersion = 10.0.40219.1
Project("{FAE04EC0-301F-11D3-BF4B-00C04F79EFBC}") = "Edabitelso", "Edabitelso.csproj", "{523C9050-AEE0-4DB7-92EE-B9DBCBB3886D}"
EndProject
Global
	GlobalSection(SolutionConfigurationPlatforms) = preSolution
		Debug|Any CPU = Debug|Any CPU
		Release|Any CPU = Release|Any CPU
	EndGlobalSection
	GlobalSection(ProjectConfigurationPlatforms) = postSolution
		{523C9050-AEE0-4DB7-92EE-B9DBCBB3886D}.Debug|Any CPU.ActiveCfg = Debug|Any CPU
		{523C9050-AEE0-4DB7-92EE-B9DBCBB3886D}.Debug|Any CPU.Build.0 = Debug|Any CPU
		{523C9050-AEE0-4DB7-92EE-B9DBCBB3886D}.Release|Any CPU.ActiveCfg = Release|Any CPU
		{523C9050-AEE0-4DB7-92EE-B9DBCBB3886D}.Release|Any CPU.Build.0 = Release|Any CPU
	EndGlobalSection
	GlobalSection(SolutionProperties) = preSolution
		HideSolutionNode = FALSE
	EndGlobalSection
	GlobalSection(ExtensibilityGlobals) = postSolution
		SolutionGuid = {66EC1033-A58D-4EC5-9318-9580AE22D50A}
	EndGlobalSection
EndGlobal
