
Microsoft Visual Studio Solution File, Format Version 12.00
# Visual Studio Version 16
VisualStudioVersion = 16.0.29424.173
MinimumVisualStudioVersion = 10.0.40219.1
Project("{FAE04EC0-301F-11D3-BF4B-00C04F79EFBC}") = "dogatombok", "dogatombok.csproj", "{BC2CEAFE-97D6-4D2A-9066-D88B56B0859B}"
EndProject
Global
	GlobalSection(SolutionConfigurationPlatforms) = preSolution
		Debug|Any CPU = Debug|Any CPU
		Release|Any CPU = Release|Any CPU
	EndGlobalSection
	GlobalSection(ProjectConfigurationPlatforms) = postSolution
		{BC2CEAFE-97D6-4D2A-9066-D88B56B0859B}.Debug|Any CPU.ActiveCfg = Debug|Any CPU
		{BC2CEAFE-97D6-4D2A-9066-D88B56B0859B}.Debug|Any CPU.Build.0 = Debug|Any CPU
		{BC2CEAFE-97D6-4D2A-9066-D88B56B0859B}.Release|Any CPU.ActiveCfg = Release|Any CPU
		{BC2CEAFE-97D6-4D2A-9066-D88B56B0859B}.Release|Any CPU.Build.0 = Release|Any CPU
	EndGlobalSection
	GlobalSection(SolutionProperties) = preSolution
		HideSolutionNode = FALSE
	EndGlobalSection
	GlobalSection(ExtensibilityGlobals) = postSolution
		SolutionGuid = {7B5A6AA6-EEC2-4A4D-B49D-B9CD2001D77C}
	EndGlobalSection
EndGlobal
