
Microsoft Visual Studio Solution File, Format Version 12.00
# Visual Studio Version 16
VisualStudioVersion = 16.0.29424.173
MinimumVisualStudioVersion = 10.0.40219.1
Project("{FAE04EC0-301F-11D3-BF4B-00C04F79EFBC}") = "masodikvalodicsharpprojek", "masodikvalodicsharpprojek.csproj", "{DEEC1F5C-BCB9-448F-B6FC-D26E65CF8E0C}"
EndProject
Global
	GlobalSection(SolutionConfigurationPlatforms) = preSolution
		Debug|Any CPU = Debug|Any CPU
		Release|Any CPU = Release|Any CPU
	EndGlobalSection
	GlobalSection(ProjectConfigurationPlatforms) = postSolution
		{DEEC1F5C-BCB9-448F-B6FC-D26E65CF8E0C}.Debug|Any CPU.ActiveCfg = Debug|Any CPU
		{DEEC1F5C-BCB9-448F-B6FC-D26E65CF8E0C}.Debug|Any CPU.Build.0 = Debug|Any CPU
		{DEEC1F5C-BCB9-448F-B6FC-D26E65CF8E0C}.Release|Any CPU.ActiveCfg = Release|Any CPU
		{DEEC1F5C-BCB9-448F-B6FC-D26E65CF8E0C}.Release|Any CPU.Build.0 = Release|Any CPU
	EndGlobalSection
	GlobalSection(SolutionProperties) = preSolution
		HideSolutionNode = FALSE
	EndGlobalSection
	GlobalSection(ExtensibilityGlobals) = postSolution
		SolutionGuid = {578FA57D-D3BD-4ABF-BDA3-43DB9E53F03E}
	EndGlobalSection
EndGlobal
