
Microsoft Visual Studio Solution File, Format Version 12.00
# Visual Studio Version 16
VisualStudioVersion = 16.0.29424.173
MinimumVisualStudioVersion = 10.0.40219.1
Project("{FAE04EC0-301F-11D3-BF4B-00C04F79EFBC}") = "elsovalodicsharpprojekt", "elsovalodicsharpprojekt.csproj", "{75288E9A-E4DB-4206-A613-4BDC4A141EDC}"
EndProject
Global
	GlobalSection(SolutionConfigurationPlatforms) = preSolution
		Debug|Any CPU = Debug|Any CPU
		Release|Any CPU = Release|Any CPU
	EndGlobalSection
	GlobalSection(ProjectConfigurationPlatforms) = postSolution
		{75288E9A-E4DB-4206-A613-4BDC4A141EDC}.Debug|Any CPU.ActiveCfg = Debug|Any CPU
		{75288E9A-E4DB-4206-A613-4BDC4A141EDC}.Debug|Any CPU.Build.0 = Debug|Any CPU
		{75288E9A-E4DB-4206-A613-4BDC4A141EDC}.Release|Any CPU.ActiveCfg = Release|Any CPU
		{75288E9A-E4DB-4206-A613-4BDC4A141EDC}.Release|Any CPU.Build.0 = Release|Any CPU
	EndGlobalSection
	GlobalSection(SolutionProperties) = preSolution
		HideSolutionNode = FALSE
	EndGlobalSection
	GlobalSection(ExtensibilityGlobals) = postSolution
		SolutionGuid = {E0059D98-3A6E-4D5E-8FFF-46AB4BF2024A}
	EndGlobalSection
EndGlobal
